
Microsoft Visual Studio Solution File, Format Version 12.00
# Visual Studio 15
VisualStudioVersion = 15.0.28307.1062
MinimumVisualStudioVersion = 10.0.40219.1
Project("{FAE04EC0-301F-11D3-BF4B-00C04F79EFBC}") = "WeightCollecterWindowsService", "WindowsService1\WeightCollecterWindowsService.csproj", "{045D1653-30E0-4A0B-8A1F-C0F6D43A7C20}"
EndProject
Project("{FAE04EC0-301F-11D3-BF4B-00C04F79EFBC}") = "WeightCollecterTool", "WeightCollecterTool\WeightCollecterTool.csproj", "{BAA0BFD4-ECE0-4869-93A6-6D7CC6A55F1B}"
EndProject
Global
	GlobalSection(SolutionConfigurationPlatforms) = preSolution
		Debug|Any CPU = Debug|Any CPU
		Release|Any CPU = Release|Any CPU
	EndGlobalSection
	GlobalSection(ProjectConfigurationPlatforms) = postSolution
		{045D1653-30E0-4A0B-8A1F-C0F6D43A7C20}.Debug|Any CPU.ActiveCfg = Debug|Any CPU
		{045D1653-30E0-4A0B-8A1F-C0F6D43A7C20}.Debug|Any CPU.Build.0 = Debug|Any CPU
		{045D1653-30E0-4A0B-8A1F-C0F6D43A7C20}.Release|Any CPU.ActiveCfg = Release|Any CPU
		{045D1653-30E0-4A0B-8A1F-C0F6D43A7C20}.Release|Any CPU.Build.0 = Release|Any CPU
		{BAA0BFD4-ECE0-4869-93A6-6D7CC6A55F1B}.Debug|Any CPU.ActiveCfg = Debug|Any CPU
		{BAA0BFD4-ECE0-4869-93A6-6D7CC6A55F1B}.Debug|Any CPU.Build.0 = Debug|Any CPU
		{BAA0BFD4-ECE0-4869-93A6-6D7CC6A55F1B}.Release|Any CPU.ActiveCfg = Release|Any CPU
		{BAA0BFD4-ECE0-4869-93A6-6D7CC6A55F1B}.Release|Any CPU.Build.0 = Release|Any CPU
	EndGlobalSection
	GlobalSection(SolutionProperties) = preSolution
		HideSolutionNode = FALSE
	EndGlobalSection
	GlobalSection(ExtensibilityGlobals) = postSolution
		SolutionGuid = {1773F6E0-7C3B-487F-9670-5FB93155ACEB}
	EndGlobalSection
	GlobalSection(TeamFoundationVersionControl) = preSolution
		SccNumberOfProjects = 3
		SccEnterpriseProvider = {4CA58AB2-18FA-4F8D-95D4-32DDF27D184C}
		SccTeamFoundationServer = http://tao-mistfs-v1:8080/tfs/fiscollection
		SccLocalPath0 = .
		SccProjectUniqueName1 = WindowsService1\\WeightCollecterWindowsService.csproj
		SccProjectName1 = WindowsService1
		SccLocalPath1 = WindowsService1
		SccProjectUniqueName2 = WeightCollecterTool\\WeightCollecterTool.csproj
		SccProjectName2 = WeightCollecterTool
		SccLocalPath2 = WeightCollecterTool
	EndGlobalSection
EndGlobal
