
Microsoft Visual Studio Solution File, Format Version 12.00
# Visual Studio Version 16
VisualStudioVersion = 16.0.32228.343
MinimumVisualStudioVersion = 10.0.40219.1
Project("{FAE04EC0-301F-11D3-BF4B-00C04F79EFBC}") = "WeightCollecterTCPWindowsServices", "WeightCollecterTCPWindowsServices\WeightCollecterTCPWindowsServices.csproj", "{315ED180-C723-4D1D-9712-F1826F0D2C86}"
EndProject
Global
	GlobalSection(SolutionConfigurationPlatforms) = preSolution
		Debug|Any CPU = Debug|Any CPU
		Release|Any CPU = Release|Any CPU
	EndGlobalSection
	GlobalSection(ProjectConfigurationPlatforms) = postSolution
		{315ED180-C723-4D1D-9712-F1826F0D2C86}.Debug|Any CPU.ActiveCfg = Debug|Any CPU
		{315ED180-C723-4D1D-9712-F1826F0D2C86}.Debug|Any CPU.Build.0 = Debug|Any CPU
		{315ED180-C723-4D1D-9712-F1826F0D2C86}.Release|Any CPU.ActiveCfg = Release|Any CPU
		{315ED180-C723-4D1D-9712-F1826F0D2C86}.Release|Any CPU.Build.0 = Release|Any CPU
	EndGlobalSection
	GlobalSection(SolutionProperties) = preSolution
		HideSolutionNode = FALSE
	EndGlobalSection
	GlobalSection(ExtensibilityGlobals) = postSolution
		SolutionGuid = {F8100CA9-5E16-4308-8C4B-EAEF12522D63}
	EndGlobalSection
	GlobalSection(TeamFoundationVersionControl) = preSolution
		SccNumberOfProjects = 2
		SccEnterpriseProvider = {4CA58AB2-18FA-4F8D-95D4-32DDF27D184C}
		SccTeamFoundationServer = http://tao-mistfs-v1:8080/tfs/fiscollection
		SccLocalPath0 = .
		SccProjectUniqueName1 = WeightCollecterTCPWindowsServices\\WeightCollecterTCPWindowsServices.csproj
		SccProjectName1 = WeightCollecterTCPWindowsServices
		SccLocalPath1 = WeightCollecterTCPWindowsServices
	EndGlobalSection
EndGlobal
